<?xml version="1.0" encoding="utf-8"?>
<Project ToolsVersion="4.0" xmlns="http://schemas.microsoft.com/developer/msbuild/2003">
  <ItemGroup>
    <Filter Include="Kernel">
      <UniqueIdentifier>{7695f095-b4c8-4147-bf09-8005e0ee9e67}</UniqueIdentifier>
    </Filter>
    <Filter Include="Core">
      <UniqueIdentifier>{1f6f5563-7030-490d-9ab8-0374b2bc46dc}</UniqueIdentifier>
    </Filter>
    <Filter Include="Emitter">
      <UniqueIdentifier>{3a7aaab8-ce26-4e18-a314-3d3b53a73dcc}</UniqueIdentifier>
    </Filter>
    <Filter Include="Source">
      <UniqueIdentifier>{22a54b26-8247-4f9d-95af-b350fefbed77}</UniqueIdentifier>
    </Filter>
    <Filter Include="Target">
      <UniqueIdentifier>{b3ac276e-6eb8-44bc-ade3-f56fbb18f13c}</UniqueIdentifier>
    </Filter>
    <Filter Include="Environment">
      <UniqueIdentifier>{26aed1db-b8a7-4051-8dfb-5b552dfc556a}</UniqueIdentifier>
    </Filter>
    <Filter Include="Misc %28or old%29">
      <UniqueIdentifier>{bec141a6-163d-431c-85a9-2e39114aa81b}</UniqueIdentifier>
    </Filter>
  </ItemGroup>
  <ItemGroup>
    <ClInclude Include="Sound.h">
      <Filter>Kernel</Filter>
    </ClInclude>
    <ClInclude Include="SoundRender.h">
      <Filter>Kernel</Filter>
    </ClInclude>
    <ClInclude Include="cl_intersect.h">
      <Filter>Kernel</Filter>
    </ClInclude>
    <ClInclude Include="stdafx.h">
      <Filter>Kernel</Filter>
    </ClInclude>
    <ClInclude Include="xrCDB.h">
      <Filter>Kernel</Filter>
    </ClInclude>
    <ClInclude Include="xrLevel.h">
      <Filter>Kernel</Filter>
    </ClInclude>
    <ClInclude Include="SoundRender_Core.h">
      <Filter>Core</Filter>
    </ClInclude>
    <ClInclude Include="SoundRender_Emitter.h">
      <Filter>Emitter</Filter>
    </ClInclude>
    <ClInclude Include="SoundRender_Source.h">
      <Filter>Source</Filter>
    </ClInclude>
    <ClInclude Include="SoundRender_Target.h">
      <Filter>Target</Filter>
    </ClInclude>
    <ClInclude Include="SoundRender_Environment.h">
      <Filter>Environment</Filter>
    </ClInclude>
    <ClInclude Include="MusicStream.h">
      <Filter>Misc %28or old%29</Filter>
    </ClInclude>
    <ClInclude Include="xr_cda.h">
      <Filter>Misc %28or old%29</Filter>
    </ClInclude>
    <ClInclude Include="xr_streamsnd.h">
      <Filter>Misc %28or old%29</Filter>
    </ClInclude>
  </ItemGroup>
  <ItemGroup>
    <ClCompile Include="guids.cpp">
      <Filter>Kernel</Filter>
    </ClCompile>
    <ClCompile Include="stdafx.cpp">
      <Filter>Kernel</Filter>
    </ClCompile>
    <ClCompile Include="SoundRender_Core.cpp">
      <Filter>Core</Filter>
    </ClCompile>
    <ClCompile Include="SoundRender_Core_Processor.cpp">
      <Filter>Core</Filter>
    </ClCompile>
    <ClCompile Include="SoundRender_Core_SourceManager.cpp">
      <Filter>Core</Filter>
    </ClCompile>
    <ClCompile Include="SoundRender_Core_StartStop.cpp">
      <Filter>Core</Filter>
    </ClCompile>
    <ClCompile Include="SoundRender_Emitter.cpp">
      <Filter>Emitter</Filter>
    </ClCompile>
    <ClCompile Include="SoundRender_Emitter_FSM.cpp">
      <Filter>Emitter</Filter>
    </ClCompile>
    <ClCompile Include="SoundRender_Emitter_StartStop.cpp">
      <Filter>Emitter</Filter>
    </ClCompile>
    <ClCompile Include="SoundRender_Emitter_streamer.cpp">
      <Filter>Emitter</Filter>
    </ClCompile>
    <ClCompile Include="SoundRender_Source.cpp">
      <Filter>Source</Filter>
    </ClCompile>
    <ClCompile Include="SoundRender_Source_loader.cpp">
      <Filter>Source</Filter>
    </ClCompile>
    <ClCompile Include="SoundRender_Target.cpp">
      <Filter>Target</Filter>
    </ClCompile>
    <ClCompile Include="SoundRender_Environment.cpp">
      <Filter>Environment</Filter>
    </ClCompile>
    <ClCompile Include="MusicStream.cpp">
      <Filter>Misc %28or old%29</Filter>
    </ClCompile>
    <ClCompile Include="xr_cda.cpp">
      <Filter>Misc %28or old%29</Filter>
    </ClCompile>
    <ClCompile Include="xr_streamsnd.cpp">
      <Filter>Misc %28or old%29</Filter>
    </ClCompile>
  </ItemGroup>
</Project>